
Microsoft Visual Studio Solution File, Format Version 12.00
# Visual Studio Version 16
VisualStudioVersion = 16.0.31410.357
MinimumVisualStudioVersion = 10.0.40219.1
Project("{9A19103F-16F7-4668-BE54-9A1E7A4F7556}") = "OdeToFood", "OdeToFood\OdeToFood.csproj", "{8B3B2C78-6692-4193-B18A-4D44EF856EF5}"
EndProject
Project("{9A19103F-16F7-4668-BE54-9A1E7A4F7556}") = "OdeToFood.Core", "OdeToFood.Core\OdeToFood.Core.csproj", "{95F71A71-282F-45A6-834F-BF4BB4F5CA2B}"
EndProject
Project("{9A19103F-16F7-4668-BE54-9A1E7A4F7556}") = "OdeToFood.Data", "OdeToFood.Data\OdeToFood.Data.csproj", "{1EBC43A4-FC62-42C2-9355-06D119D1AE6C}"
EndProject
Global
	GlobalSection(SolutionConfigurationPlatforms) = preSolution
		Debug|Any CPU = Debug|Any CPU
		Release|Any CPU = Release|Any CPU
	EndGlobalSection
	GlobalSection(ProjectConfigurationPlatforms) = postSolution
		{8B3B2C78-6692-4193-B18A-4D44EF856EF5}.Debug|Any CPU.ActiveCfg = Debug|Any CPU
		{8B3B2C78-6692-4193-B18A-4D44EF856EF5}.Debug|Any CPU.Build.0 = Debug|Any CPU
		{8B3B2C78-6692-4193-B18A-4D44EF856EF5}.Release|Any CPU.ActiveCfg = Release|Any CPU
		{8B3B2C78-6692-4193-B18A-4D44EF856EF5}.Release|Any CPU.Build.0 = Release|Any CPU
		{95F71A71-282F-45A6-834F-BF4BB4F5CA2B}.Debug|Any CPU.ActiveCfg = Debug|Any CPU
		{95F71A71-282F-45A6-834F-BF4BB4F5CA2B}.Debug|Any CPU.Build.0 = Debug|Any CPU
		{95F71A71-282F-45A6-834F-BF4BB4F5CA2B}.Release|Any CPU.ActiveCfg = Release|Any CPU
		{95F71A71-282F-45A6-834F-BF4BB4F5CA2B}.Release|Any CPU.Build.0 = Release|Any CPU
		{1EBC43A4-FC62-42C2-9355-06D119D1AE6C}.Debug|Any CPU.ActiveCfg = Debug|Any CPU
		{1EBC43A4-FC62-42C2-9355-06D119D1AE6C}.Debug|Any CPU.Build.0 = Debug|Any CPU
		{1EBC43A4-FC62-42C2-9355-06D119D1AE6C}.Release|Any CPU.ActiveCfg = Release|Any CPU
		{1EBC43A4-FC62-42C2-9355-06D119D1AE6C}.Release|Any CPU.Build.0 = Release|Any CPU
	EndGlobalSection
	GlobalSection(SolutionProperties) = preSolution
		HideSolutionNode = FALSE
	EndGlobalSection
	GlobalSection(ExtensibilityGlobals) = postSolution
		SolutionGuid = {489E766B-AA8C-4882-86A1-C2510CA61B6C}
	EndGlobalSection
EndGlobal
